PODS:
  - ObjectMapper (3.4.1)
  - SnapKit (4.0.1)

DEPENDENCIES:
  - ObjectMapper
  - SnapKit (~> 4.0.0)

SPEC REPOS:
  https://github.com/cocoapods/specs.git:
    - ObjectMapper
    - SnapKit

SPEC CHECKSUMS:
  ObjectMapper: 5311bd50ca732930959e7ca1a2de43ab823a5ced
  SnapKit: 0de968a9fec17499afa29683b05d0c775b6d1c29

PODFILE CHECKSUM: 96dfeae3775d49d0f62c6ac93b0aff38a185137d

COCOAPODS: 1.5.3
